
Microsoft Visual Studio Solution File, Format Version 12.00
# Visual Studio Version 16
VisualStudioVersion = 16.0.31129.286
MinimumVisualStudioVersion = 10.0.40219.1
Project("{2150E333-8FDC-42A3-9474-1A3956D46DE8}") = "src", "src", "{BC222084-E702-4C29-BC33-8042DCB583DD}"
EndProject
Project("{9A19103F-16F7-4668-BE54-9A1E7A4F7556}") = "EMDD.KtEquatable", "src\EMDD.KtEquatable\EMDD.KtEquatable.csproj", "{F7F7D0B7-35CB-48D4-B1E2-B39026FA7DB8}"
EndProject
Project("{2150E333-8FDC-42A3-9474-1A3956D46DE8}") = "test", "test", "{01AA2C6A-709C-4B04-9E4F-4FF44D1A6B51}"
EndProject
Project("{2150E333-8FDC-42A3-9474-1A3956D46DE8}") = "Solution Items", "Solution Items", "{BD7DEE1C-76DD-4832-B37E-FE1A6A78F141}"
	ProjectSection(SolutionItems) = preProject
		Diagnostics.md = Diagnostics.md
		.github\workflows\dotnet.yml = .github\workflows\dotnet.yml
		History of Breaking Changes and Updates.md = History of Breaking Changes and Updates.md
		README.md = README.md
	EndProjectSection
EndProject
Project("{9A19103F-16F7-4668-BE54-9A1E7A4F7556}") = "KtEquatable.Integration.Tests", "test\KtEquatable.Integration.Tests\KtEquatable.Integration.Tests.csproj", "{CCC04093-435B-44C5-8D70-81EAD9FBEDC1}"
EndProject
Project("{9A19103F-16F7-4668-BE54-9A1E7A4F7556}") = "KtEquatable.Unit.Tests", "test\KtEquatable.Unit.Tests\KtEquatable.Unit.Tests.csproj", "{6BDD4E44-0F8F-4049-99FB-CBDFA79C2B27}"
EndProject
Global
	GlobalSection(SolutionConfigurationPlatforms) = preSolution
		Debug|Any CPU = Debug|Any CPU
		Release|Any CPU = Release|Any CPU
	EndGlobalSection
	GlobalSection(ProjectConfigurationPlatforms) = postSolution
		{F7F7D0B7-35CB-48D4-B1E2-B39026FA7DB8}.Debug|Any CPU.ActiveCfg = Debug|Any CPU
		{F7F7D0B7-35CB-48D4-B1E2-B39026FA7DB8}.Debug|Any CPU.Build.0 = Debug|Any CPU
		{F7F7D0B7-35CB-48D4-B1E2-B39026FA7DB8}.Release|Any CPU.ActiveCfg = Release|Any CPU
		{F7F7D0B7-35CB-48D4-B1E2-B39026FA7DB8}.Release|Any CPU.Build.0 = Release|Any CPU
		{CCC04093-435B-44C5-8D70-81EAD9FBEDC1}.Debug|Any CPU.ActiveCfg = Debug|Any CPU
		{CCC04093-435B-44C5-8D70-81EAD9FBEDC1}.Debug|Any CPU.Build.0 = Debug|Any CPU
		{CCC04093-435B-44C5-8D70-81EAD9FBEDC1}.Release|Any CPU.ActiveCfg = Release|Any CPU
		{CCC04093-435B-44C5-8D70-81EAD9FBEDC1}.Release|Any CPU.Build.0 = Release|Any CPU
		{6BDD4E44-0F8F-4049-99FB-CBDFA79C2B27}.Debug|Any CPU.ActiveCfg = Debug|Any CPU
		{6BDD4E44-0F8F-4049-99FB-CBDFA79C2B27}.Debug|Any CPU.Build.0 = Debug|Any CPU
		{6BDD4E44-0F8F-4049-99FB-CBDFA79C2B27}.Release|Any CPU.ActiveCfg = Release|Any CPU
		{6BDD4E44-0F8F-4049-99FB-CBDFA79C2B27}.Release|Any CPU.Build.0 = Release|Any CPU
	EndGlobalSection
	GlobalSection(SolutionProperties) = preSolution
		HideSolutionNode = FALSE
	EndGlobalSection
	GlobalSection(NestedProjects) = preSolution
		{F7F7D0B7-35CB-48D4-B1E2-B39026FA7DB8} = {BC222084-E702-4C29-BC33-8042DCB583DD}
		{CCC04093-435B-44C5-8D70-81EAD9FBEDC1} = {01AA2C6A-709C-4B04-9E4F-4FF44D1A6B51}
		{6BDD4E44-0F8F-4049-99FB-CBDFA79C2B27} = {01AA2C6A-709C-4B04-9E4F-4FF44D1A6B51}
	EndGlobalSection
	GlobalSection(ExtensibilityGlobals) = postSolution
		SolutionGuid = {07EF65DB-AB30-4289-97A0-5607D48C9630}
	EndGlobalSection
EndGlobal
